
Microsoft Visual Studio Solution File, Format Version 12.00
# Visual Studio Version 17
VisualStudioVersion = 17.12.35527.113 d17.12
MinimumVisualStudioVersion = 10.0.40219.1
Project("{FAE04EC0-301F-11D3-BF4B-00C04F79EFBC}") = "IntexS3G2", "IntexS3G2.csproj", "{8EE7629F-D6D6-46D0-BB68-6FD316C22915}"
EndProject
Global
	GlobalSection(SolutionConfigurationPlatforms) = preSolution
		Debug|Any CPU = Debug|Any CPU
		Release|Any CPU = Release|Any CPU
	EndGlobalSection
	GlobalSection(ProjectConfigurationPlatforms) = postSolution
		{8EE7629F-D6D6-46D0-BB68-6FD316C22915}.Debug|Any CPU.ActiveCfg = Debug|Any CPU
		{8EE7629F-D6D6-46D0-BB68-6FD316C22915}.Debug|Any CPU.Build.0 = Debug|Any CPU
		{8EE7629F-D6D6-46D0-BB68-6FD316C22915}.Release|Any CPU.ActiveCfg = Release|Any CPU
		{8EE7629F-D6D6-46D0-BB68-6FD316C22915}.Release|Any CPU.Build.0 = Release|Any CPU
	EndGlobalSection
	GlobalSection(SolutionProperties) = preSolution
		HideSolutionNode = FALSE
	EndGlobalSection
EndGlobal
